// !$*UTF8*$!
{
	archiveVersion = 1;
	classes = {
	};
	objectVersion = 50;
	objects = {

/* Begin PBXBuildFile section */
		C82E1C30235F92ED00DEB407 /* AAPLMathUtilities.m in Sources */ = {isa = PBXBuildFile; fileRef = C82E1C2F235F92EC00DEB407 /* AAPLMathUtilities.m */; };
		C8624DA8235B01A9006DE69D /* AppDelegate.mm in Sources */ = {isa = PBXBuildFile; fileRef = C8624DA7235B01A9006DE69D /* AppDelegate.mm */; };
		C8624DAB235B01A9006DE69D /* ViewController.mm in Sources */ = {isa = PBXBuildFile; fileRef = C8624DAA235B01A9006DE69D /* ViewController.mm */; };
		C8624DAD235B01AA006DE69D /* Assets.xcassets in Resources */ = {isa = PBXBuildFile; fileRef = C8624DAC235B01AA006DE69D /* Assets.xcassets */; };
		C8624DB0235B01AA006DE69D /* Main.storyboard in Resources */ = {isa = PBXBuildFile; fileRef = C8624DAE235B01AA006DE69D /* Main.storyboard */; };
		C8624DB3235B01AA006DE69D /* main.m in Sources */ = {isa = PBXBuildFile; fileRef = C8624DB2235B01AA006DE69D /* main.m */; };
		C8624DBB235B0DAF006DE69D /* MetalRenderer.m in Sources */ = {isa = PBXBuildFile; fileRef = C8624DBA235B0DAF006DE69D /* MetalRenderer.m */; };
		C8CC6652235E533F00D7CD8A /* libigl.a in Frameworks */ = {isa = PBXBuildFile; fileRef = C8CC6649235E4BE000D7CD8A /* libigl.a */; };
		C8CC6653235E533F00D7CD8A /* liblibrary.a in Frameworks */ = {isa = PBXBuildFile; fileRef = C8CC6650235E50B100D7CD8A /* liblibrary.a */; };
		C8CC6655235E572400D7CD8A /* EasyShader.metal in Sources */ = {isa = PBXBuildFile; fileRef = C8CC6654235E572400D7CD8A /* EasyShader.metal */; };
/* End PBXBuildFile section */

/* Begin PBXContainerItemProxy section */
		C8CC6648235E4BE000D7CD8A /* PBXContainerItemProxy */ = {
			isa = PBXContainerItemProxy;
			containerPortal = C8CC6642235E4BE000D7CD8A /* library.xcodeproj */;
			proxyType = 2;
			remoteGlobalIDString = 70210FA562174352889F7F7C;
			remoteInfo = igl;
		};
		C8CC664F235E50B100D7CD8A /* PBXContainerItemProxy */ = {
			isa = PBXContainerItemProxy;
			containerPortal = C8CC6642235E4BE000D7CD8A /* library.xcodeproj */;
			proxyType = 2;
			remoteGlobalIDString = C0DF0FE673A94DD7ACB640CD;
			remoteInfo = library;
		};
/* End PBXContainerItemProxy section */

/* Begin PBXFileReference section */
		C82E1C2E235F92EC00DEB407 /* AAPLMathUtilities.h */ = {isa = PBXFileReference; fileEncoding = 4; lastKnownFileType = sourcecode.c.h; path = AAPLMathUtilities.h; sourceTree = "<group>"; };
		C82E1C2F235F92EC00DEB407 /* AAPLMathUtilities.m */ = {isa = PBXFileReference; fileEncoding = 4; lastKnownFileType = sourcecode.c.objc; path = AAPLMathUtilities.m; sourceTree = "<group>"; };
		C8624DA3235B01A9006DE69D /* LearnRender.app */ = {isa = PBXFileReference; explicitFileType = wrapper.application; includeInIndex = 0; path = LearnRender.app; sourceTree = BUILT_PRODUCTS_DIR; };
		C8624DA6235B01A9006DE69D /* AppDelegate.h */ = {isa = PBXFileReference; lastKnownFileType = sourcecode.c.h; path = AppDelegate.h; sourceTree = "<group>"; };
		C8624DA7235B01A9006DE69D /* AppDelegate.mm */ = {isa = PBXFileReference; lastKnownFileType = sourcecode.cpp.objcpp; path = AppDelegate.mm; sourceTree = "<group>"; };
		C8624DA9235B01A9006DE69D /* ViewController.h */ = {isa = PBXFileReference; lastKnownFileType = sourcecode.c.h; path = ViewController.h; sourceTree = "<group>"; };
		C8624DAA235B01A9006DE69D /* ViewController.mm */ = {isa = PBXFileReference; lastKnownFileType = sourcecode.cpp.objcpp; path = ViewController.mm; sourceTree = "<group>"; };
		C8624DAC235B01AA006DE69D /* Assets.xcassets */ = {isa = PBXFileReference; lastKnownFileType = folder.assetcatalog; path = Assets.xcassets; sourceTree = "<group>"; };
		C8624DAF235B01AA006DE69D /* Base */ = {isa = PBXFileReference; lastKnownFileType = file.storyboard; name = Base; path = Base.lproj/Main.storyboard; sourceTree = "<group>"; };
		C8624DB1235B01AA006DE69D /* Info.plist */ = {isa = PBXFileReference; lastKnownFileType = text.plist.xml; path = Info.plist; sourceTree = "<group>"; };
		C8624DB2235B01AA006DE69D /* main.m */ = {isa = PBXFileReference; lastKnownFileType = sourcecode.c.objc; path = main.m; sourceTree = "<group>"; };
		C8624DB4235B01AA006DE69D /* LearnRender.entitlements */ = {isa = PBXFileReference; lastKnownFileType = text.plist.entitlements; path = LearnRender.entitlements; sourceTree = "<group>"; };
		C8624DBA235B0DAF006DE69D /* MetalRenderer.m */ = {isa = PBXFileReference; lastKnownFileType = sourcecode.c.objc; path = MetalRenderer.m; sourceTree = "<group>"; };
		C8624DBC235B0DBA006DE69D /* MetalRenderer.h */ = {isa = PBXFileReference; lastKnownFileType = sourcecode.c.h; path = MetalRenderer.h; sourceTree = "<group>"; };
		C8CC6642235E4BE000D7CD8A /* library.xcodeproj */ = {isa = PBXFileReference; lastKnownFileType = "wrapper.pb-project"; name = library.xcodeproj; path = library/xcode/library.xcodeproj; sourceTree = "<group>"; };
		C8CC6654235E572400D7CD8A /* EasyShader.metal */ = {isa = PBXFileReference; lastKnownFileType = sourcecode.metal; path = EasyShader.metal; sourceTree = "<group>"; };
/* End PBXFileReference section */

/* Begin PBXFrameworksBuildPhase section */
		C8624DA0235B01A9006DE69D /* Frameworks */ = {
			isa = PBXFrameworksBuildPhase;
			buildActionMask = 2147483647;
			files = (
				C8CC6652235E533F00D7CD8A /* libigl.a in Frameworks */,
				C8CC6653235E533F00D7CD8A /* liblibrary.a in Frameworks */,
			);
			runOnlyForDeploymentPostprocessing = 0;
		};
/* End PBXFrameworksBuildPhase section */

/* Begin PBXGroup section */
		C8624D9A235B01A9006DE69D = {
			isa = PBXGroup;
			children = (
				C8CC6642235E4BE000D7CD8A /* library.xcodeproj */,
				C8624DB1235B01AA006DE69D /* Info.plist */,
				C8624DB4235B01AA006DE69D /* LearnRender.entitlements */,
				C8624DBF235B0F55006DE69D /* Common */,
				C8624DA5235B01A9006DE69D /* Interface */,
				C8624DA4235B01A9006DE69D /* Products */,
				C8CC6651235E533F00D7CD8A /* Frameworks */,
			);
			sourceTree = "<group>";
		};
		C8624DA4235B01A9006DE69D /* Products */ = {
			isa = PBXGroup;
			children = (
				C8624DA3235B01A9006DE69D /* LearnRender.app */,
			);
			name = Products;
			sourceTree = "<group>";
		};
		C8624DA5235B01A9006DE69D /* Interface */ = {
			isa = PBXGroup;
			children = (
				C8624DA6235B01A9006DE69D /* AppDelegate.h */,
				C8624DA7235B01A9006DE69D /* AppDelegate.mm */,
				C8624DA9235B01A9006DE69D /* ViewController.h */,
				C8624DAA235B01A9006DE69D /* ViewController.mm */,
				C8624DAC235B01AA006DE69D /* Assets.xcassets */,
				C8624DAE235B01AA006DE69D /* Main.storyboard */,
				C8624DB2235B01AA006DE69D /* main.m */,
				C8624DBA235B0DAF006DE69D /* MetalRenderer.m */,
				C8624DBC235B0DBA006DE69D /* MetalRenderer.h */,
				C8CC6654235E572400D7CD8A /* EasyShader.metal */,
			);
			path = Interface;
			sourceTree = "<group>";
		};
		C8624DBF235B0F55006DE69D /* Common */ = {
			isa = PBXGroup;
			children = (
				C82E1C2E235F92EC00DEB407 /* AAPLMathUtilities.h */,
				C82E1C2F235F92EC00DEB407 /* AAPLMathUtilities.m */,
			);
			path = Common;
			sourceTree = "<group>";
		};
		C8CC6643235E4BE000D7CD8A /* Products */ = {
			isa = PBXGroup;
			children = (
				C8CC6649235E4BE000D7CD8A /* libigl.a */,
				C8CC6650235E50B100D7CD8A /* liblibrary.a */,
			);
			name = Products;
			sourceTree = "<group>";
		};
		C8CC6651235E533F00D7CD8A /* Frameworks */ = {
			isa = PBXGroup;
			children = (
			);
			name = Frameworks;
			sourceTree = "<group>";
		};
/* End PBXGroup section */

/* Begin PBXNativeTarget section */
		C8624DA2235B01A9006DE69D /* LearnRender */ = {
			isa = PBXNativeTarget;
			buildConfigurationList = C8624DB7235B01AA006DE69D /* Build configuration list for PBXNativeTarget "LearnRender" */;
			buildPhases = (
				C8624D9F235B01A9006DE69D /* Sources */,
				C8624DA0235B01A9006DE69D /* Frameworks */,
				C8624DA1235B01A9006DE69D /* Resources */,
			);
			buildRules = (
			);
			dependencies = (
			);
			name = LearnRender;
			productName = LearnRender;
			productReference = C8624DA3235B01A9006DE69D /* LearnRender.app */;
			productType = "com.apple.product-type.application";
		};
/* End PBXNativeTarget section */

/* Begin PBXProject section */
		C8624D9B235B01A9006DE69D /* Project object */ = {
			isa = PBXProject;
			attributes = {
				LastUpgradeCheck = 1110;
				ORGANIZATIONNAME = ziqwang;
				TargetAttributes = {
					C8624DA2235B01A9006DE69D = {
						CreatedOnToolsVersion = 11.1;
					};
				};
			};
			buildConfigurationList = C8624D9E235B01A9006DE69D /* Build configuration list for PBXProject "LearnRender" */;
			compatibilityVersion = "Xcode 9.3";
			developmentRegion = en;
			hasScannedForEncodings = 0;
			knownRegions = (
				en,
				Base,
			);
			mainGroup = C8624D9A235B01A9006DE69D;
			productRefGroup = C8624DA4235B01A9006DE69D /* Products */;
			projectDirPath = "";
			projectReferences = (
				{
					ProductGroup = C8CC6643235E4BE000D7CD8A /* Products */;
					ProjectRef = C8CC6642235E4BE000D7CD8A /* library.xcodeproj */;
				},
			);
			projectRoot = "";
			targets = (
				C8624DA2235B01A9006DE69D /* LearnRender */,
			);
		};
/* End PBXProject section */

/* Begin PBXReferenceProxy section */
		C8CC6649235E4BE000D7CD8A /* libigl.a */ = {
			isa = PBXReferenceProxy;
			fileType = archive.ar;
			path = libigl.a;
			remoteRef = C8CC6648235E4BE000D7CD8A /* PBXContainerItemProxy */;
			sourceTree = BUILT_PRODUCTS_DIR;
		};
		C8CC6650235E50B100D7CD8A /* liblibrary.a */ = {
			isa = PBXReferenceProxy;
			fileType = archive.ar;
			path = liblibrary.a;
			remoteRef = C8CC664F235E50B100D7CD8A /* PBXContainerItemProxy */;
			sourceTree = BUILT_PRODUCTS_DIR;
		};
/* End PBXReferenceProxy section */

/* Begin PBXResourcesBuildPhase section */
		C8624DA1235B01A9006DE69D /* Resources */ = {
			isa = PBXResourcesBuildPhase;
			buildActionMask = 2147483647;
			files = (
				C8624DAD235B01AA006DE69D /* Assets.xcassets in Resources */,
				C8624DB0235B01AA006DE69D /* Main.storyboard in Resources */,
			);
			runOnlyForDeploymentPostprocessing = 0;
		};
/* End PBXResourcesBuildPhase section */

/* Begin PBXSourcesBuildPhase section */
		C8624D9F235B01A9006DE69D /* Sources */ = {
			isa = PBXSourcesBuildPhase;
			buildActionMask = 2147483647;
			files = (
				C8624DBB235B0DAF006DE69D /* MetalRenderer.m in Sources */,
				C8CC6655235E572400D7CD8A /* EasyShader.metal in Sources */,
				C8624DAB235B01A9006DE69D /* ViewController.mm in Sources */,
				C8624DB3235B01AA006DE69D /* main.m in Sources */,
				C82E1C30235F92ED00DEB407 /* AAPLMathUtilities.m in Sources */,
				C8624DA8235B01A9006DE69D /* AppDelegate.mm in Sources */,
			);
			runOnlyForDeploymentPostprocessing = 0;
		};
/* End PBXSourcesBuildPhase section */

/* Begin PBXVariantGroup section */
		C8624DAE235B01AA006DE69D /* Main.storyboard */ = {
			isa = PBXVariantGroup;
			children = (
				C8624DAF235B01AA006DE69D /* Base */,
			);
			name = Main.storyboard;
			sourceTree = "<group>";
		};
/* End PBXVariantGroup section */

/* Begin XCBuildConfiguration section */
		C8624DB5235B01AA006DE69D /* Debug */ = {
			isa = XCBuildConfiguration;
			buildSettings = {
				ALWAYS_SEARCH_USER_PATHS = NO;
				CLANG_ALLOW_NON_MODULAR_INCLUDES_IN_FRAMEWORK_MODULES = NO;
				CLANG_ANALYZER_NONNULL = YES;
				CLANG_ANALYZER_NUMBER_OBJECT_CONVERSION = YES_AGGRESSIVE;
				CLANG_CXX_LANGUAGE_STANDARD = "gnu++14";
				CLANG_CXX_LIBRARY = "libc++";
				CLANG_ENABLE_MODULES = YES;
				CLANG_ENABLE_OBJC_ARC = YES;
				CLANG_ENABLE_OBJC_WEAK = YES;
				CLANG_WARN_BLOCK_CAPTURE_AUTORELEASING = YES;
				CLANG_WARN_BOOL_CONVERSION = YES;
				CLANG_WARN_COMMA = YES;
				CLANG_WARN_CONSTANT_CONVERSION = YES;
				CLANG_WARN_DEPRECATED_OBJC_IMPLEMENTATIONS = YES;
				CLANG_WARN_DIRECT_OBJC_ISA_USAGE = YES_ERROR;
				CLANG_WARN_DOCUMENTATION_COMMENTS = YES;
				CLANG_WARN_EMPTY_BODY = YES;
				CLANG_WARN_ENUM_CONVERSION = YES;
				CLANG_WARN_INFINITE_RECURSION = YES;
				CLANG_WARN_INT_CONVERSION = YES;
				CLANG_WARN_NON_LITERAL_NULL_CONVERSION = YES;
				CLANG_WARN_OBJC_IMPLICIT_RETAIN_SELF = YES;
				CLANG_WARN_OBJC_LITERAL_CONVERSION = YES;
				CLANG_WARN_OBJC_ROOT_CLASS = YES_ERROR;
				CLANG_WARN_RANGE_LOOP_ANALYSIS = YES;
				CLANG_WARN_STRICT_PROTOTYPES = YES;
				CLANG_WARN_SUSPICIOUS_MOVE = YES;
				CLANG_WARN_UNGUARDED_AVAILABILITY = YES_AGGRESSIVE;
				CLANG_WARN_UNREACHABLE_CODE = YES;
				CLANG_WARN__DUPLICATE_METHOD_MATCH = YES;
				COPY_PHASE_STRIP = NO;
				DEBUG_INFORMATION_FORMAT = dwarf;
				ENABLE_STRICT_OBJC_MSGSEND = YES;
				ENABLE_TESTABILITY = YES;
				GCC_C_LANGUAGE_STANDARD = gnu11;
				GCC_DYNAMIC_NO_PIC = NO;
				GCC_INPUT_FILETYPE = automatic;
				GCC_NO_COMMON_BLOCKS = YES;
				GCC_OPTIMIZATION_LEVEL = 0;
				GCC_PREPROCESSOR_DEFINITIONS = (
					"DEBUG=1",
					"$(inherited)",
				);
				GCC_WARN_64_TO_32_BIT_CONVERSION = YES;
				GCC_WARN_ABOUT_RETURN_TYPE = YES_ERROR;
				GCC_WARN_UNDECLARED_SELECTOR = YES;
				GCC_WARN_UNINITIALIZED_AUTOS = YES_AGGRESSIVE;
				GCC_WARN_UNUSED_FUNCTION = YES;
				GCC_WARN_UNUSED_VARIABLE = YES;
				MACOSX_DEPLOYMENT_TARGET = 10.15;
				MTL_ENABLE_DEBUG_INFO = INCLUDE_SOURCE;
				MTL_FAST_MATH = YES;
				ONLY_ACTIVE_ARCH = YES;
				SDKROOT = macosx;
			};
			name = Debug;
		};
		C8624DB6235B01AA006DE69D /* Release */ = {
			isa = XCBuildConfiguration;
			buildSettings = {
				ALWAYS_SEARCH_USER_PATHS = NO;
				CLANG_ALLOW_NON_MODULAR_INCLUDES_IN_FRAMEWORK_MODULES = NO;
				CLANG_ANALYZER_NONNULL = YES;
				CLANG_ANALYZER_NUMBER_OBJECT_CONVERSION = YES_AGGRESSIVE;
				CLANG_CXX_LANGUAGE_STANDARD = "gnu++14";
				CLANG_CXX_LIBRARY = "libc++";
				CLANG_ENABLE_MODULES = YES;
				CLANG_ENABLE_OBJC_ARC = YES;
				CLANG_ENABLE_OBJC_WEAK = YES;
				CLANG_WARN_BLOCK_CAPTURE_AUTORELEASING = YES;
				CLANG_WARN_BOOL_CONVERSION = YES;
				CLANG_WARN_COMMA = YES;
				CLANG_WARN_CONSTANT_CONVERSION = YES;
				CLANG_WARN_DEPRECATED_OBJC_IMPLEMENTATIONS = YES;
				CLANG_WARN_DIRECT_OBJC_ISA_USAGE = YES_ERROR;
				CLANG_WARN_DOCUMENTATION_COMMENTS = YES;
				CLANG_WARN_EMPTY_BODY = YES;
				CLANG_WARN_ENUM_CONVERSION = YES;
				CLANG_WARN_INFINITE_RECURSION = YES;
				CLANG_WARN_INT_CONVERSION = YES;
				CLANG_WARN_NON_LITERAL_NULL_CONVERSION = YES;
				CLANG_WARN_OBJC_IMPLICIT_RETAIN_SELF = YES;
				CLANG_WARN_OBJC_LITERAL_CONVERSION = YES;
				CLANG_WARN_OBJC_ROOT_CLASS = YES_ERROR;
				CLANG_WARN_RANGE_LOOP_ANALYSIS = YES;
				CLANG_WARN_STRICT_PROTOTYPES = YES;
				CLANG_WARN_SUSPICIOUS_MOVE = YES;
				CLANG_WARN_UNGUARDED_AVAILABILITY = YES_AGGRESSIVE;
				CLANG_WARN_UNREACHABLE_CODE = YES;
				CLANG_WARN__DUPLICATE_METHOD_MATCH = YES;
				COPY_PHASE_STRIP = NO;
				DEBUG_INFORMATION_FORMAT = "dwarf-with-dsym";
				ENABLE_NS_ASSERTIONS = NO;
				ENABLE_STRICT_OBJC_MSGSEND = YES;
				GCC_C_LANGUAGE_STANDARD = gnu11;
				GCC_INPUT_FILETYPE = automatic;
				GCC_NO_COMMON_BLOCKS = YES;
				GCC_WARN_64_TO_32_BIT_CONVERSION = YES;
				GCC_WARN_ABOUT_RETURN_TYPE = YES_ERROR;
				GCC_WARN_UNDECLARED_SELECTOR = YES;
				GCC_WARN_UNINITIALIZED_AUTOS = YES_AGGRESSIVE;
				GCC_WARN_UNUSED_FUNCTION = YES;
				GCC_WARN_UNUSED_VARIABLE = YES;
				MACOSX_DEPLOYMENT_TARGET = 10.15;
				MTL_ENABLE_DEBUG_INFO = NO;
				MTL_FAST_MATH = YES;
				SDKROOT = macosx;
			};
			name = Release;
		};
		C8624DB8235B01AA006DE69D /* Debug */ = {
			isa = XCBuildConfiguration;
			buildSettings = {
				ASSETCATALOG_COMPILER_APPICON_NAME = AppIcon;
				CODE_SIGN_ENTITLEMENTS = LearnRender.entitlements;
				CODE_SIGN_STYLE = Automatic;
				COMBINE_HIDPI_IMAGES = YES;
				DEVELOPMENT_TEAM = 7JX3WT9B5Z;
				ENABLE_HARDENED_RUNTIME = YES;
				INFOPLIST_FILE = Info.plist;
				LD_RUNPATH_SEARCH_PATHS = (
					"$(inherited)",
					"@executable_path/../Frameworks",
				);
				MACOSX_DEPLOYMENT_TARGET = 10.13;
				OTHER_CFLAGS = (
					"-Ilibrary/libigl/external/eigen",
					"-Ilibrary/libigl/include",
					"-Ilibrary/",
				);
				PRODUCT_BUNDLE_IDENTIFIER = EPFL.LearnRender;
				PRODUCT_NAME = "$(TARGET_NAME)";
			};
			name = Debug;
		};
		C8624DB9235B01AA006DE69D /* Release */ = {
			isa = XCBuildConfiguration;
			buildSettings = {
				ASSETCATALOG_COMPILER_APPICON_NAME = AppIcon;
				CODE_SIGN_ENTITLEMENTS = LearnRender.entitlements;
				CODE_SIGN_STYLE = Automatic;
				COMBINE_HIDPI_IMAGES = YES;
				DEVELOPMENT_TEAM = 7JX3WT9B5Z;
				ENABLE_HARDENED_RUNTIME = YES;
				INFOPLIST_FILE = Info.plist;
				LD_RUNPATH_SEARCH_PATHS = (
					"$(inherited)",
					"@executable_path/../Frameworks",
				);
				MACOSX_DEPLOYMENT_TARGET = 10.13;
				OTHER_CFLAGS = (
					"-Ilibrary/libigl/external/eigen",
					"-Ilibrary/libigl/include",
					"-Ilibrary/",
				);
				PRODUCT_BUNDLE_IDENTIFIER = EPFL.LearnRender;
				PRODUCT_NAME = "$(TARGET_NAME)";
			};
			name = Release;
		};
/* End XCBuildConfiguration section */

/* Begin XCConfigurationList section */
		C8624D9E235B01A9006DE69D /* Build configuration list for PBXProject "LearnRender" */ = {
			isa = XCConfigurationList;
			buildConfigurations = (
				C8624DB5235B01AA006DE69D /* Debug */,
				C8624DB6235B01AA006DE69D /* Release */,
			);
			defaultConfigurationIsVisible = 0;
			defaultConfigurationName = Release;
		};
		C8624DB7235B01AA006DE69D /* Build configuration list for PBXNativeTarget "LearnRender" */ = {
			isa = XCConfigurationList;
			buildConfigurations = (
				C8624DB8235B01AA006DE69D /* Debug */,
				C8624DB9235B01AA006DE69D /* Release */,
			);
			defaultConfigurationIsVisible = 0;
			defaultConfigurationName = Release;
		};
/* End XCConfigurationList section */
	};
	rootObject = C8624D9B235B01A9006DE69D /* Project object */;
}
